
Microsoft Visual Studio Solution File, Format Version 12.00
# Visual Studio Version 17
VisualStudioVersion = 17.4.33403.182
MinimumVisualStudioVersion = 10.0.40219.1
Project("{FAE04EC0-301F-11D3-BF4B-00C04F79EFBC}") = "SmsErrorService", "SmsErrorService.csproj", "{12B2CD25-08A4-492B-8776-24A7FA447165}"
EndProject
Project("{FAE04EC0-301F-11D3-BF4B-00C04F79EFBC}") = "SsmErrorService.Core", "..\SsmErrorService.Core\SsmErrorService.Core.csproj", "{F6A250A7-7F4F-49CA-986E-BF063CFE745F}"
EndProject
Project("{FAE04EC0-301F-11D3-BF4B-00C04F79EFBC}") = "SmsSender", "..\SmsSender\SmsSender.csproj", "{871D9D4A-3C74-4AC0-BA4B-0B9E3B6DAE4E}"
EndProject
Project("{2150E333-8FDC-42A3-9474-1A3956D46DE8}") = "Solution Items", "Solution Items", "{1578978E-6880-489F-B791-0821CFD29216}"
	ProjectSection(SolutionItems) = preProject
		.editorconfig = .editorconfig
	EndProjectSection
EndProject
Project("{FAE04EC0-301F-11D3-BF4B-00C04F79EFBC}") = "Cipher", "..\Cipher\Cipher.csproj", "{0E865861-D64A-4E5A-AEEC-8FE839FC067B}"
EndProject
Global
	GlobalSection(SolutionConfigurationPlatforms) = preSolution
		Debug|Any CPU = Debug|Any CPU
		Release|Any CPU = Release|Any CPU
	EndGlobalSection
	GlobalSection(ProjectConfigurationPlatforms) = postSolution
		{12B2CD25-08A4-492B-8776-24A7FA447165}.Debug|Any CPU.ActiveCfg = Debug|Any CPU
		{12B2CD25-08A4-492B-8776-24A7FA447165}.Debug|Any CPU.Build.0 = Debug|Any CPU
		{12B2CD25-08A4-492B-8776-24A7FA447165}.Release|Any CPU.ActiveCfg = Release|Any CPU
		{12B2CD25-08A4-492B-8776-24A7FA447165}.Release|Any CPU.Build.0 = Release|Any CPU
		{F6A250A7-7F4F-49CA-986E-BF063CFE745F}.Debug|Any CPU.ActiveCfg = Debug|Any CPU
		{F6A250A7-7F4F-49CA-986E-BF063CFE745F}.Debug|Any CPU.Build.0 = Debug|Any CPU
		{F6A250A7-7F4F-49CA-986E-BF063CFE745F}.Release|Any CPU.ActiveCfg = Release|Any CPU
		{F6A250A7-7F4F-49CA-986E-BF063CFE745F}.Release|Any CPU.Build.0 = Release|Any CPU
		{871D9D4A-3C74-4AC0-BA4B-0B9E3B6DAE4E}.Debug|Any CPU.ActiveCfg = Debug|Any CPU
		{871D9D4A-3C74-4AC0-BA4B-0B9E3B6DAE4E}.Debug|Any CPU.Build.0 = Debug|Any CPU
		{871D9D4A-3C74-4AC0-BA4B-0B9E3B6DAE4E}.Release|Any CPU.ActiveCfg = Release|Any CPU
		{871D9D4A-3C74-4AC0-BA4B-0B9E3B6DAE4E}.Release|Any CPU.Build.0 = Release|Any CPU
		{0E865861-D64A-4E5A-AEEC-8FE839FC067B}.Debug|Any CPU.ActiveCfg = Debug|Any CPU
		{0E865861-D64A-4E5A-AEEC-8FE839FC067B}.Debug|Any CPU.Build.0 = Debug|Any CPU
		{0E865861-D64A-4E5A-AEEC-8FE839FC067B}.Release|Any CPU.ActiveCfg = Release|Any CPU
		{0E865861-D64A-4E5A-AEEC-8FE839FC067B}.Release|Any CPU.Build.0 = Release|Any CPU
	EndGlobalSection
	GlobalSection(SolutionProperties) = preSolution
		HideSolutionNode = FALSE
	EndGlobalSection
	GlobalSection(ExtensibilityGlobals) = postSolution
		SolutionGuid = {6C27E2E5-2960-48C7-A92D-4460503E666C}
	EndGlobalSection
EndGlobal
